// !$*UTF8*$!
{
	archiveVersion = 1;
	classes = {
	};
	objectVersion = 56;
	objects = {

/* Begin PBXBuildFile section */
		C171CF412AAF188B00A8898C /* AppDelegate.swift in Sources */ = {isa = PBXBuildFile; fileRef = C171CF402AAF188B00A8898C /* AppDelegate.swift */; };
		C171CF432AAF188B00A8898C /* SceneDelegate.swift in Sources */ = {isa = PBXBuildFile; fileRef = C171CF422AAF188B00A8898C /* SceneDelegate.swift */; };
		C171CF452AAF188B00A8898C /* ViewController.swift in Sources */ = {isa = PBXBuildFile; fileRef = C171CF442AAF188B00A8898C /* ViewController.swift */; };
		C171CF482AAF188B00A8898C /* Main.storyboard in Resources */ = {isa = PBXBuildFile; fileRef = C171CF462AAF188B00A8898C /* Main.storyboard */; };
		C171CF4A2AAF188D00A8898C /* Assets.xcassets in Resources */ = {isa = PBXBuildFile; fileRef = C171CF492AAF188D00A8898C /* Assets.xcassets */; };
		C171CF4D2AAF188D00A8898C /* LaunchScreen.storyboard in Resources */ = {isa = PBXBuildFile; fileRef = C171CF4B2AAF188D00A8898C /* LaunchScreen.storyboard */; };
/* End PBXBuildFile section */

/* Begin PBXFileReference section */
		C171CF3D2AAF188B00A8898C /* START-HW21-Baqytzhanuly Almaz.app */ = {isa = PBXFileReference; explicitFileType = wrapper.application; includeInIndex = 0; path = "START-HW21-Baqytzhanuly Almaz.app"; sourceTree = BUILT_PRODUCTS_DIR; };
		C171CF402AAF188B00A8898C /* AppDelegate.swift */ = {isa = PBXFileReference; lastKnownFileType = sourcecode.swift; path = AppDelegate.swift; sourceTree = "<group>"; };
		C171CF422AAF188B00A8898C /* SceneDelegate.swift */ = {isa = PBXFileReference; lastKnownFileType = sourcecode.swift; path = SceneDelegate.swift; sourceTree = "<group>"; };
		C171CF442AAF188B00A8898C /* ViewController.swift */ = {isa = PBXFileReference; lastKnownFileType = sourcecode.swift; path = ViewController.swift; sourceTree = "<group>"; };
		C171CF472AAF188B00A8898C /* Base */ = {isa = PBXFileReference; lastKnownFileType = file.storyboard; name = Base; path = Base.lproj/Main.storyboard; sourceTree = "<group>"; };
		C171CF492AAF188D00A8898C /* Assets.xcassets */ = {isa = PBXFileReference; lastKnownFileType = folder.assetcatalog; path = Assets.xcassets; sourceTree = "<group>"; };
		C171CF4C2AAF188D00A8898C /* Base */ = {isa = PBXFileReference; lastKnownFileType = file.storyboard; name = Base; path = Base.lproj/LaunchScreen.storyboard; sourceTree = "<group>"; };
		C171CF4E2AAF188D00A8898C /* Info.plist */ = {isa = PBXFileReference; lastKnownFileType = text.plist.xml; path = Info.plist; sourceTree = "<group>"; };
/* End PBXFileReference section */

/* Begin PBXFrameworksBuildPhase section */
		C171CF3A2AAF188B00A8898C /* Frameworks */ = {
			isa = PBXFrameworksBuildPhase;
			buildActionMask = 2147483647;
			files = (
			);
			runOnlyForDeploymentPostprocessing = 0;
		};
/* End PBXFrameworksBuildPhase section */

/* Begin PBXGroup section */
		C171CF342AAF188B00A8898C = {
			isa = PBXGroup;
			children = (
				C171CF3F2AAF188B00A8898C /* START-HW21-Baqytzhanuly Almaz */,
				C171CF3E2AAF188B00A8898C /* Products */,
			);
			sourceTree = "<group>";
		};
		C171CF3E2AAF188B00A8898C /* Products */ = {
			isa = PBXGroup;
			children = (
				C171CF3D2AAF188B00A8898C /* START-HW21-Baqytzhanuly Almaz.app */,
			);
			name = Products;
			sourceTree = "<group>";
		};
		C171CF3F2AAF188B00A8898C /* START-HW21-Baqytzhanuly Almaz */ = {
			isa = PBXGroup;
			children = (
				C171CF402AAF188B00A8898C /* AppDelegate.swift */,
				C171CF422AAF188B00A8898C /* SceneDelegate.swift */,
				C171CF442AAF188B00A8898C /* ViewController.swift */,
				C171CF462AAF188B00A8898C /* Main.storyboard */,
				C171CF492AAF188D00A8898C /* Assets.xcassets */,
				C171CF4B2AAF188D00A8898C /* LaunchScreen.storyboard */,
				C171CF4E2AAF188D00A8898C /* Info.plist */,
			);
			path = "START-HW21-Baqytzhanuly Almaz";
			sourceTree = "<group>";
		};
/* End PBXGroup section */

/* Begin PBXNativeTarget section */
		C171CF3C2AAF188B00A8898C /* START-HW21-Baqytzhanuly Almaz */ = {
			isa = PBXNativeTarget;
			buildConfigurationList = C171CF512AAF188D00A8898C /* Build configuration list for PBXNativeTarget "START-HW21-Baqytzhanuly Almaz" */;
			buildPhases = (
				C171CF392AAF188B00A8898C /* Sources */,
				C171CF3A2AAF188B00A8898C /* Frameworks */,
				C171CF3B2AAF188B00A8898C /* Resources */,
			);
			buildRules = (
			);
			dependencies = (
			);
			name = "START-HW21-Baqytzhanuly Almaz";
			productName = "START-HW21-Baqytzhanuly Almaz";
			productReference = C171CF3D2AAF188B00A8898C /* START-HW21-Baqytzhanuly Almaz.app */;
			productType = "com.apple.product-type.application";
		};
/* End PBXNativeTarget section */

/* Begin PBXProject section */
		C171CF352AAF188B00A8898C /* Project object */ = {
			isa = PBXProject;
			attributes = {
				BuildIndependentTargetsInParallel = 1;
				LastSwiftUpdateCheck = 1400;
				LastUpgradeCheck = 1400;
				TargetAttributes = {
					C171CF3C2AAF188B00A8898C = {
						CreatedOnToolsVersion = 14.0.1;
					};
				};
			};
			buildConfigurationList = C171CF382AAF188B00A8898C /* Build configuration list for PBXProject "START-HW21-Baqytzhanuly Almaz" */;
			compatibilityVersion = "Xcode 14.0";
			developmentRegion = en;
			hasScannedForEncodings = 0;
			knownRegions = (
				en,
				Base,
			);
			mainGroup = C171CF342AAF188B00A8898C;
			productRefGroup = C171CF3E2AAF188B00A8898C /* Products */;
			projectDirPath = "";
			projectRoot = "";
			targets = (
				C171CF3C2AAF188B00A8898C /* START-HW21-Baqytzhanuly Almaz */,
			);
		};
/* End PBXProject section */

/* Begin PBXResourcesBuildPhase section */
		C171CF3B2AAF188B00A8898C /* Resources */ = {
			isa = PBXResourcesBuildPhase;
			buildActionMask = 2147483647;
			files = (
				C171CF4D2AAF188D00A8898C /* LaunchScreen.storyboard in Resources */,
				C171CF4A2AAF188D00A8898C /* Assets.xcassets in Resources */,
				C171CF482AAF188B00A8898C /* Main.storyboard in Resources */,
			);
			runOnlyForDeploymentPostprocessing = 0;
		};
/* End PBXResourcesBuildPhase section */

/* Begin PBXSourcesBuildPhase section */
		C171CF392AAF188B00A8898C /* Sources */ = {
			isa = PBXSourcesBuildPhase;
			buildActionMask = 2147483647;
			files = (
				C171CF452AAF188B00A8898C /* ViewController.swift in Sources */,
				C171CF412AAF188B00A8898C /* AppDelegate.swift in Sources */,
				C171CF432AAF188B00A8898C /* SceneDelegate.swift in Sources */,
			);
			runOnlyForDeploymentPostprocessing = 0;
		};
/* End PBXSourcesBuildPhase section */

/* Begin PBXVariantGroup section */
		C171CF462AAF188B00A8898C /* Main.storyboard */ = {
			isa = PBXVariantGroup;
			children = (
				C171CF472AAF188B00A8898C /* Base */,
			);
			name = Main.storyboard;
			sourceTree = "<group>";
		};
		C171CF4B2AAF188D00A8898C /* LaunchScreen.storyboard */ = {
			isa = PBXVariantGroup;
			children = (
				C171CF4C2AAF188D00A8898C /* Base */,
			);
			name = LaunchScreen.storyboard;
			sourceTree = "<group>";
		};
/* End PBXVariantGroup section */

/* Begin XCBuildConfiguration section */
		C171CF4F2AAF188D00A8898C /* Debug */ = {
			isa = XCBuildConfiguration;
			buildSettings = {
				ALWAYS_SEARCH_USER_PATHS = NO;
				CLANG_ANALYZER_NONNULL = YES;
				CLANG_ANALYZER_NUMBER_OBJECT_CONVERSION = YES_AGGRESSIVE;
				CLANG_CXX_LANGUAGE_STANDARD = "gnu++20";
				CLANG_ENABLE_MODULES = YES;
				CLANG_ENABLE_OBJC_ARC = YES;
				CLANG_ENABLE_OBJC_WEAK = YES;
				CLANG_WARN_BLOCK_CAPTURE_AUTORELEASING = YES;
				CLANG_WARN_BOOL_CONVERSION = YES;
				CLANG_WARN_COMMA = YES;
				CLANG_WARN_CONSTANT_CONVERSION = YES;
				CLANG_WARN_DEPRECATED_OBJC_IMPLEMENTATIONS = YES;
				CLANG_WARN_DIRECT_OBJC_ISA_USAGE = YES_ERROR;
				CLANG_WARN_DOCUMENTATION_COMMENTS = YES;
				CLANG_WARN_EMPTY_BODY = YES;
				CLANG_WARN_ENUM_CONVERSION = YES;
				CLANG_WARN_INFINITE_RECURSION = YES;
				CLANG_WARN_INT_CONVERSION = YES;
				CLANG_WARN_NON_LITERAL_NULL_CONVERSION = YES;
				CLANG_WARN_OBJC_IMPLICIT_RETAIN_SELF = YES;
				CLANG_WARN_OBJC_LITERAL_CONVERSION = YES;
				CLANG_WARN_OBJC_ROOT_CLASS = YES_ERROR;
				CLANG_WARN_QUOTED_INCLUDE_IN_FRAMEWORK_HEADER = YES;
				CLANG_WARN_RANGE_LOOP_ANALYSIS = YES;
				CLANG_WARN_STRICT_PROTOTYPES = YES;
				CLANG_WARN_SUSPICIOUS_MOVE = YES;
				CLANG_WARN_UNGUARDED_AVAILABILITY = YES_AGGRESSIVE;
				CLANG_WARN_UNREACHABLE_CODE = YES;
				CLANG_WARN__DUPLICATE_METHOD_MATCH = YES;
				COPY_PHASE_STRIP = NO;
				DEBUG_INFORMATION_FORMAT = dwarf;
				ENABLE_STRICT_OBJC_MSGSEND = YES;
				ENABLE_TESTABILITY = YES;
				GCC_C_LANGUAGE_STANDARD = gnu11;
				GCC_DYNAMIC_NO_PIC = NO;
				GCC_NO_COMMON_BLOCKS = YES;
				GCC_OPTIMIZATION_LEVEL = 0;
				GCC_PREPROCESSOR_DEFINITIONS = (
					"DEBUG=1",
					"$(inherited)",
				);
				GCC_WARN_64_TO_32_BIT_CONVERSION = YES;
				GCC_WARN_ABOUT_RETURN_TYPE = YES_ERROR;
				GCC_WARN_UNDECLARED_SELECTOR = YES;
				GCC_WARN_UNINITIALIZED_AUTOS = YES_AGGRESSIVE;
				GCC_WARN_UNUSED_FUNCTION = YES;
				GCC_WARN_UNUSED_VARIABLE = YES;
				IPHONEOS_DEPLOYMENT_TARGET = 16.0;
				MTL_ENABLE_DEBUG_INFO = INCLUDE_SOURCE;
				MTL_FAST_MATH = YES;
				ONLY_ACTIVE_ARCH = YES;
				SDKROOT = iphoneos;
				SWIFT_ACTIVE_COMPILATION_CONDITIONS = DEBUG;
				SWIFT_OPTIMIZATION_LEVEL = "-Onone";
			};
			name = Debug;
		};
		C171CF502AAF188D00A8898C /* Release */ = {
			isa = XCBuildConfiguration;
			buildSettings = {
				ALWAYS_SEARCH_USER_PATHS = NO;
				CLANG_ANALYZER_NONNULL = YES;
				CLANG_ANALYZER_NUMBER_OBJECT_CONVERSION = YES_AGGRESSIVE;
				CLANG_CXX_LANGUAGE_STANDARD = "gnu++20";
				CLANG_ENABLE_MODULES = YES;
				CLANG_ENABLE_OBJC_ARC = YES;
				CLANG_ENABLE_OBJC_WEAK = YES;
				CLANG_WARN_BLOCK_CAPTURE_AUTORELEASING = YES;
				CLANG_WARN_BOOL_CONVERSION = YES;
				CLANG_WARN_COMMA = YES;
				CLANG_WARN_CONSTANT_CONVERSION = YES;
				CLANG_WARN_DEPRECATED_OBJC_IMPLEMENTATIONS = YES;
				CLANG_WARN_DIRECT_OBJC_ISA_USAGE = YES_ERROR;
				CLANG_WARN_DOCUMENTATION_COMMENTS = YES;
				CLANG_WARN_EMPTY_BODY = YES;
				CLANG_WARN_ENUM_CONVERSION = YES;
				CLANG_WARN_INFINITE_RECURSION = YES;
				CLANG_WARN_INT_CONVERSION = YES;
				CLANG_WARN_NON_LITERAL_NULL_CONVERSION = YES;
				CLANG_WARN_OBJC_IMPLICIT_RETAIN_SELF = YES;
				CLANG_WARN_OBJC_LITERAL_CONVERSION = YES;
				CLANG_WARN_OBJC_ROOT_CLASS = YES_ERROR;
				CLANG_WARN_QUOTED_INCLUDE_IN_FRAMEWORK_HEADER = YES;
				CLANG_WARN_RANGE_LOOP_ANALYSIS = YES;
				CLANG_WARN_STRICT_PROTOTYPES = YES;
				CLANG_WARN_SUSPICIOUS_MOVE = YES;
				CLANG_WARN_UNGUARDED_AVAILABILITY = YES_AGGRESSIVE;
				CLANG_WARN_UNREACHABLE_CODE = YES;
				CLANG_WARN__DUPLICATE_METHOD_MATCH = YES;
				COPY_PHASE_STRIP = NO;
				DEBUG_INFORMATION_FORMAT = "dwarf-with-dsym";
				ENABLE_NS_ASSERTIONS = NO;
				ENABLE_STRICT_OBJC_MSGSEND = YES;
				GCC_C_LANGUAGE_STANDARD = gnu11;
				GCC_NO_COMMON_BLOCKS = YES;
				GCC_WARN_64_TO_32_BIT_CONVERSION = YES;
				GCC_WARN_ABOUT_RETURN_TYPE = YES_ERROR;
				GCC_WARN_UNDECLARED_SELECTOR = YES;
				GCC_WARN_UNINITIALIZED_AUTOS = YES_AGGRESSIVE;
				GCC_WARN_UNUSED_FUNCTION = YES;
				GCC_WARN_UNUSED_VARIABLE = YES;
				IPHONEOS_DEPLOYMENT_TARGET = 16.0;
				MTL_ENABLE_DEBUG_INFO = NO;
				MTL_FAST_MATH = YES;
				SDKROOT = iphoneos;
				SWIFT_COMPILATION_MODE = wholemodule;
				SWIFT_OPTIMIZATION_LEVEL = "-O";
				VALIDATE_PRODUCT = YES;
			};
			name = Release;
		};
		C171CF522AAF188D00A8898C /* Debug */ = {
			isa = XCBuildConfiguration;
			buildSettings = {
				ASSETCATALOG_COMPILER_APPICON_NAME = AppIcon;
				ASSETCATALOG_COMPILER_GLOBAL_ACCENT_COLOR_NAME = AccentColor;
				CODE_SIGN_STYLE = Automatic;
				CURRENT_PROJECT_VERSION = 1;
				DEVELOPMENT_TEAM = Z3Z3K8J4CG;
				GENERATE_INFOPLIST_FILE = YES;
				INFOPLIST_FILE = "START-HW21-Baqytzhanuly Almaz/Info.plist";
				INFOPLIST_KEY_UIApplicationSupportsIndirectInputEvents = YES;
				INFOPLIST_KEY_UILaunchStoryboardName = LaunchScreen;
				INFOPLIST_KEY_UIMainStoryboardFile = Main;
				INFOPLIST_KEY_UISupportedInterfaceOrientations_iPad = "UIInterfaceOrientationPortrait UIInterfaceOrientationPortraitUpsideDown UIInterfaceOrientationLandscapeLeft UIInterfaceOrientationLandscapeRight";
				INFOPLIST_KEY_UISupportedInterfaceOrientations_iPhone = "UIInterfaceOrientationPortrait UIInterfaceOrientationLandscapeLeft UIInterfaceOrientationLandscapeRight";
				LD_RUNPATH_SEARCH_PATHS = (
					"$(inherited)",
					"@executable_path/Frameworks",
				);
				MARKETING_VERSION = 1.0;
				PRODUCT_BUNDLE_IDENTIFIER = "allz.START-HW21-Baqytzhanuly-Almaz";
				PRODUCT_NAME = "$(TARGET_NAME)";
				SWIFT_EMIT_LOC_STRINGS = YES;
				SWIFT_VERSION = 5.0;
				TARGETED_DEVICE_FAMILY = "1,2";
			};
			name = Debug;
		};
		C171CF532AAF188D00A8898C /* Release */ = {
			isa = XCBuildConfiguration;
			buildSettings = {
				ASSETCATALOG_COMPILER_APPICON_NAME = AppIcon;
				ASSETCATALOG_COMPILER_GLOBAL_ACCENT_COLOR_NAME = AccentColor;
				CODE_SIGN_STYLE = Automatic;
				CURRENT_PROJECT_VERSION = 1;
				DEVELOPMENT_TEAM = Z3Z3K8J4CG;
				GENERATE_INFOPLIST_FILE = YES;
				INFOPLIST_FILE = "START-HW21-Baqytzhanuly Almaz/Info.plist";
				INFOPLIST_KEY_UIApplicationSupportsIndirectInputEvents = YES;
				INFOPLIST_KEY_UILaunchStoryboardName = LaunchScreen;
				INFOPLIST_KEY_UIMainStoryboardFile = Main;
				INFOPLIST_KEY_UISupportedInterfaceOrientations_iPad = "UIInterfaceOrientationPortrait UIInterfaceOrientationPortraitUpsideDown UIInterfaceOrientationLandscapeLeft UIInterfaceOrientationLandscapeRight";
				INFOPLIST_KEY_UISupportedInterfaceOrientations_iPhone = "UIInterfaceOrientationPortrait UIInterfaceOrientationLandscapeLeft UIInterfaceOrientationLandscapeRight";
				LD_RUNPATH_SEARCH_PATHS = (
					"$(inherited)",
					"@executable_path/Frameworks",
				);
				MARKETING_VERSION = 1.0;
				PRODUCT_BUNDLE_IDENTIFIER = "allz.START-HW21-Baqytzhanuly-Almaz";
				PRODUCT_NAME = "$(TARGET_NAME)";
				SWIFT_EMIT_LOC_STRINGS = YES;
				SWIFT_VERSION = 5.0;
				TARGETED_DEVICE_FAMILY = "1,2";
			};
			name = Release;
		};
/* End XCBuildConfiguration section */

/* Begin XCConfigurationList section */
		C171CF382AAF188B00A8898C /* Build configuration list for PBXProject "START-HW21-Baqytzhanuly Almaz" */ = {
			isa = XCConfigurationList;
			buildConfigurations = (
				C171CF4F2AAF188D00A8898C /* Debug */,
				C171CF502AAF188D00A8898C /* Release */,
			);
			defaultConfigurationIsVisible = 0;
			defaultConfigurationName = Release;
		};
		C171CF512AAF188D00A8898C /* Build configuration list for PBXNativeTarget "START-HW21-Baqytzhanuly Almaz" */ = {
			isa = XCConfigurationList;
			buildConfigurations = (
				C171CF522AAF188D00A8898C /* Debug */,
				C171CF532AAF188D00A8898C /* Release */,
			);
			defaultConfigurationIsVisible = 0;
			defaultConfigurationName = Release;
		};
/* End XCConfigurationList section */
	};
	rootObject = C171CF352AAF188B00A8898C /* Project object */;
}
